// !$*UTF8*$!
{
	archiveVersion = 1;
	classes = {
	};
	objectVersion = 46;
	objects = {

/* Begin PBXBuildFile section */
		3EC422910DB8ED4A65BE7809 /* Foundation.framework in Frameworks */ = {isa = PBXBuildFile; fileRef = 774CD2DC8697CF77AC5504FC /* Foundation.framework */; };
		58115E8E4432888465BE48E6 /* GoldengoApp.swift in Sources */ = {isa = PBXBuildFile; fileRef = 0383506193196441D4F40112 /* GoldengoApp.swift */; };
		5D31CC5F65B55685DCF4350A /* GoldengoWidgetExtension.appex in Embed App Extensions */ = {isa = PBXBuildFile; fileRef = B210E0AF3A1FE4A0976D23D3 /* GoldengoWidgetExtension.appex */; settings = {ATTRIBUTES = (RemoveHeadersOnCopy, ); }; };
		A24CCD732278FAB922EE76A5 /* GoldengoStore.swift in Sources */ = {isa = PBXBuildFile; fileRef = 6D3712420B316206E22AFFE5 /* GoldengoStore.swift */; };
		CEB040813080EDCD7C907484 /* Foundation.framework in Frameworks */ = {isa = PBXBuildFile; fileRef = 774CD2DC8697CF77AC5504FC /* Foundation.framework */; };
		D172CCCC927CBDA25609EE48 /* GoldengoWidget.swift in Sources */ = {isa = PBXBuildFile; fileRef = DE84C872A5EAD6886FF57CE2 /* GoldengoWidget.swift */; };
		EE9E43DA9EA767C45C8EFE0D /* GoldengoControl.swift in Sources */ = {isa = PBXBuildFile; fileRef = B473CEDE9FDD5B0FC8A07B66 /* GoldengoControl.swift */; };
/* End PBXBuildFile section */

/* Begin PBXContainerItemProxy section */
		8C5E7CB55D2915502AE2CDEE /* PBXContainerItemProxy */ = {
			isa = PBXContainerItemProxy;
			containerPortal = 07F9A995C95952248ECDEB17 /* Project object */;
			proxyType = 1;
			remoteGlobalIDString = 0FB99C62D3E8E2764FDD4F88;
			remoteInfo = GoldengoWidgetExtension;
		};
/* End PBXContainerItemProxy section */

/* Begin PBXCopyFilesBuildPhase section */
		D553D4458362FF15EFC0F784 /* Embed App Extensions */ = {
			isa = PBXCopyFilesBuildPhase;
			buildActionMask = 2147483647;
			dstPath = "";
			dstSubfolderSpec = 13;
			files = (
				5D31CC5F65B55685DCF4350A /* GoldengoWidgetExtension.appex in Embed App Extensions */,
			);
			name = "Embed App Extensions";
			runOnlyForDeploymentPostprocessing = 0;
		};
/* End PBXCopyFilesBuildPhase section */

/* Begin PBXFileReference section */
		0383506193196441D4F40112 /* GoldengoApp.swift */ = {isa = PBXFileReference; includeInIndex = 1; lastKnownFileType = sourcecode.swift; path = GoldengoApp.swift; sourceTree = "<group>"; };
		6D3712420B316206E22AFFE5 /* GoldengoStore.swift */ = {isa = PBXFileReference; includeInIndex = 1; lastKnownFileType = sourcecode.swift; path = GoldengoStore.swift; sourceTree = "<group>"; };
		774CD2DC8697CF77AC5504FC /* Foundation.framework */ = {isa = PBXFileReference; lastKnownFileType = wrapper.framework; name = Foundation.framework; path = Platforms/iPhoneOS.platform/Developer/SDKs/iPhoneOS18.0.sdk/System/Library/Frameworks/Foundation.framework; sourceTree = DEVELOPER_DIR; };
		B210E0AF3A1FE4A0976D23D3 /* GoldengoWidgetExtension.appex */ = {isa = PBXFileReference; explicitFileType = "wrapper.app-extension"; includeInIndex = 0; path = GoldengoWidgetExtension.appex; sourceTree = BUILT_PRODUCTS_DIR; };
		B473CEDE9FDD5B0FC8A07B66 /* GoldengoControl.swift */ = {isa = PBXFileReference; includeInIndex = 1; lastKnownFileType = sourcecode.swift; path = GoldengoControl.swift; sourceTree = "<group>"; };
		DE84C872A5EAD6886FF57CE2 /* GoldengoWidget.swift */ = {isa = PBXFileReference; includeInIndex = 1; lastKnownFileType = sourcecode.swift; path = GoldengoWidget.swift; sourceTree = "<group>"; };
		FECF56730D4A10B26AFC4DB7 /* Goldengo.app */ = {isa = PBXFileReference; explicitFileType = wrapper.application; includeInIndex = 0; path = Goldengo.app; sourceTree = BUILT_PRODUCTS_DIR; };
/* End PBXFileReference section */

/* Begin PBXFrameworksBuildPhase section */
		23602C3D993361DBBB44D52C /* Frameworks */ = {
			isa = PBXFrameworksBuildPhase;
			buildActionMask = 2147483647;
			files = (
				CEB040813080EDCD7C907484 /* Foundation.framework in Frameworks */,
			);
			runOnlyForDeploymentPostprocessing = 0;
		};
		B4E3473FE21169CFBB7B3463 /* Frameworks */ = {
			isa = PBXFrameworksBuildPhase;
			buildActionMask = 2147483647;
			files = (
				3EC422910DB8ED4A65BE7809 /* Foundation.framework in Frameworks */,
			);
			runOnlyForDeploymentPostprocessing = 0;
		};
/* End PBXFrameworksBuildPhase section */

/* Begin PBXGroup section */
		2D3BCA8AF239B570AD8A0120 /* Goldengo */ = {
			isa = PBXGroup;
			children = (
				0383506193196441D4F40112 /* GoldengoApp.swift */,
				6D3712420B316206E22AFFE5 /* GoldengoStore.swift */,
			);
			name = Goldengo;
			path = Goldengo;
			sourceTree = "<group>";
		};
		535C6337778E4FE62042CB77 /* Frameworks */ = {
			isa = PBXGroup;
			children = (
				C3DEDD114F421738011FD5DE /* iOS */,
			);
			name = Frameworks;
			sourceTree = "<group>";
		};
		584A0AC1952D97FB1A97E822 /* Products */ = {
			isa = PBXGroup;
			children = (
				FECF56730D4A10B26AFC4DB7 /* Goldengo.app */,
				B210E0AF3A1FE4A0976D23D3 /* GoldengoWidgetExtension.appex */,
			);
			name = Products;
			sourceTree = "<group>";
		};
		722508A123DCD3E3E35BB527 = {
			isa = PBXGroup;
			children = (
				584A0AC1952D97FB1A97E822 /* Products */,
				535C6337778E4FE62042CB77 /* Frameworks */,
				2D3BCA8AF239B570AD8A0120 /* Goldengo */,
				8FC79696299A96BBDD373D10 /* Widget */,
			);
			sourceTree = "<group>";
		};
		8FC79696299A96BBDD373D10 /* Widget */ = {
			isa = PBXGroup;
			children = (
				B473CEDE9FDD5B0FC8A07B66 /* GoldengoControl.swift */,
				DE84C872A5EAD6886FF57CE2 /* GoldengoWidget.swift */,
			);
			name = Widget;
			path = Widget;
			sourceTree = "<group>";
		};
		C3DEDD114F421738011FD5DE /* iOS */ = {
			isa = PBXGroup;
			children = (
				774CD2DC8697CF77AC5504FC /* Foundation.framework */,
			);
			name = iOS;
			sourceTree = "<group>";
		};
/* End PBXGroup section */

/* Begin PBXNativeTarget section */
		0FB99C62D3E8E2764FDD4F88 /* GoldengoWidgetExtension */ = {
			isa = PBXNativeTarget;
			buildConfigurationList = C4F7E4DC875C62A467EB08A4 /* Build configuration list for PBXNativeTarget "GoldengoWidgetExtension" */;
			buildPhases = (
				990928E23045C6C451EB6DDC /* Sources */,
				B4E3473FE21169CFBB7B3463 /* Frameworks */,
				D29CCB289C6FF5B794331F66 /* Resources */,
			);
			buildRules = (
			);
			dependencies = (
			);
			name = GoldengoWidgetExtension;
			packageProductDependencies = (
				6DD9471BF3BCC22CCC42A062 /* GoldengoData */,
				E4B55278870E7E8E0660B1A2 /* GoldengoIntents */,
			);
			productName = GoldengoWidgetExtension;
			productReference = B210E0AF3A1FE4A0976D23D3 /* GoldengoWidgetExtension.appex */;
			productType = "com.apple.product-type.app-extension";
		};
		38E840B8F9D1FF125E0A0556 /* Goldengo */ = {
			isa = PBXNativeTarget;
			buildConfigurationList = 98097A4D99548E6742E38E50 /* Build configuration list for PBXNativeTarget "Goldengo" */;
			buildPhases = (
				1A4980FFA5AD4DB8AC98B970 /* Sources */,
				23602C3D993361DBBB44D52C /* Frameworks */,
				314A8AF3F8933F21356A0C89 /* Resources */,
				D553D4458362FF15EFC0F784 /* Embed App Extensions */,
			);
			buildRules = (
			);
			dependencies = (
				6DD103642F3AF65AFCBAEC15 /* PBXTargetDependency */,
			);
			name = Goldengo;
			packageProductDependencies = (
				F706FA744BDC60065A2FA67C /* GoldengoFeatures */,
				6295D2BCB87CFA9283DCB78D /* GoldengoData */,
				C475037EA4E48D3CE9732247 /* GoldengoIntents */,
				C281EB835A47D23CCC3BCD13 /* GoldengoDesignSystem */,
			);
			productName = Goldengo;
			productReference = FECF56730D4A10B26AFC4DB7 /* Goldengo.app */;
			productType = "com.apple.product-type.application";
		};
/* End PBXNativeTarget section */

/* Begin PBXProject section */
		07F9A995C95952248ECDEB17 /* Project object */ = {
			isa = PBXProject;
			attributes = {
				LastSwiftUpdateCheck = 1600;
				LastUpgradeCheck = 1600;
			};
			buildConfigurationList = 1B17C9280E0960E14E42447A /* Build configuration list for PBXProject "Goldengo" */;
			compatibilityVersion = "Xcode 3.2";
			developmentRegion = en;
			hasScannedForEncodings = 0;
			knownRegions = (
				en,
				Base,
			);
			mainGroup = 722508A123DCD3E3E35BB527;
			minimizedProjectReferenceProxies = 0;
			packageReferences = (
				629812E1A1AE4CF7515DC461 /* XCLocalSwiftPackageReference ".." */,
			);
			preferredProjectObjectVersion = 77;
			productRefGroup = 584A0AC1952D97FB1A97E822 /* Products */;
			projectDirPath = "";
			projectRoot = "";
			targets = (
				38E840B8F9D1FF125E0A0556 /* Goldengo */,
				0FB99C62D3E8E2764FDD4F88 /* GoldengoWidgetExtension */,
			);
		};
/* End PBXProject section */

/* Begin PBXResourcesBuildPhase section */
		314A8AF3F8933F21356A0C89 /* Resources */ = {
			isa = PBXResourcesBuildPhase;
			buildActionMask = 2147483647;
			files = (
			);
			runOnlyForDeploymentPostprocessing = 0;
		};
		D29CCB289C6FF5B794331F66 /* Resources */ = {
			isa = PBXResourcesBuildPhase;
			buildActionMask = 2147483647;
			files = (
			);
			runOnlyForDeploymentPostprocessing = 0;
		};
/* End PBXResourcesBuildPhase section */

/* Begin PBXSourcesBuildPhase section */
		1A4980FFA5AD4DB8AC98B970 /* Sources */ = {
			isa = PBXSourcesBuildPhase;
			buildActionMask = 2147483647;
			files = (
				58115E8E4432888465BE48E6 /* GoldengoApp.swift in Sources */,
				A24CCD732278FAB922EE76A5 /* GoldengoStore.swift in Sources */,
			);
			runOnlyForDeploymentPostprocessing = 0;
		};
		990928E23045C6C451EB6DDC /* Sources */ = {
			isa = PBXSourcesBuildPhase;
			buildActionMask = 2147483647;
			files = (
				EE9E43DA9EA767C45C8EFE0D /* GoldengoControl.swift in Sources */,
				D172CCCC927CBDA25609EE48 /* GoldengoWidget.swift in Sources */,
			);
			runOnlyForDeploymentPostprocessing = 0;
		};
/* End PBXSourcesBuildPhase section */

/* Begin PBXTargetDependency section */
		6DD103642F3AF65AFCBAEC15 /* PBXTargetDependency */ = {
			isa = PBXTargetDependency;
			name = GoldengoWidgetExtension;
			target = 0FB99C62D3E8E2764FDD4F88 /* GoldengoWidgetExtension */;
			targetProxy = 8C5E7CB55D2915502AE2CDEE /* PBXContainerItemProxy */;
		};
/* End PBXTargetDependency section */

/* Begin XCBuildConfiguration section */
		15411B3D4A070E9A892FAFD2 /* Debug */ = {
			isa = XCBuildConfiguration;
			buildSettings = {
				ALWAYS_SEARCH_USER_PATHS = NO;
				CLANG_ANALYZER_NONNULL = YES;
				CLANG_ANALYZER_NUMBER_OBJECT_CONVERSION = YES_AGGRESSIVE;
				CLANG_CXX_LANGUAGE_STANDARD = "gnu++14";
				CLANG_CXX_LIBRARY = "libc++";
				CLANG_ENABLE_MODULES = YES;
				CLANG_ENABLE_OBJC_ARC = YES;
				CLANG_ENABLE_OBJC_WEAK = YES;
				CLANG_WARN_BLOCK_CAPTURE_AUTORELEASING = YES;
				CLANG_WARN_BOOL_CONVERSION = YES;
				CLANG_WARN_COMMA = YES;
				CLANG_WARN_CONSTANT_CONVERSION = YES;
				CLANG_WARN_DEPRECATED_OBJC_IMPLEMENTATIONS = YES;
				CLANG_WARN_DIRECT_OBJC_ISA_USAGE = YES_ERROR;
				CLANG_WARN_DOCUMENTATION_COMMENTS = YES;
				CLANG_WARN_EMPTY_BODY = YES;
				CLANG_WARN_ENUM_CONVERSION = YES;
				CLANG_WARN_INFINITE_RECURSION = YES;
				CLANG_WARN_INT_CONVERSION = YES;
				CLANG_WARN_NON_LITERAL_NULL_CONVERSION = YES;
				CLANG_WARN_OBJC_IMPLICIT_RETAIN_SELF = YES;
				CLANG_WARN_OBJC_LITERAL_CONVERSION = YES;
				CLANG_WARN_OBJC_ROOT_CLASS = YES_ERROR;
				CLANG_WARN_QUOTED_INCLUDE_IN_FRAMEWORK_HEADER = YES;
				CLANG_WARN_RANGE_LOOP_ANALYSIS = YES;
				CLANG_WARN_STRICT_PROTOTYPES = YES;
				CLANG_WARN_SUSPICIOUS_MOVE = YES;
				CLANG_WARN_UNGUARDED_AVAILABILITY = YES_AGGRESSIVE;
				CLANG_WARN_UNREACHABLE_CODE = YES;
				CLANG_WARN__DUPLICATE_METHOD_MATCH = YES;
				COPY_PHASE_STRIP = NO;
				DEBUG_INFORMATION_FORMAT = dwarf;
				ENABLE_STRICT_OBJC_MSGSEND = YES;
				ENABLE_TESTABILITY = YES;
				GCC_C_LANGUAGE_STANDARD = gnu11;
				GCC_DYNAMIC_NO_PIC = NO;
				GCC_NO_COMMON_BLOCKS = YES;
				GCC_OPTIMIZATION_LEVEL = 0;
				GCC_PREPROCESSOR_DEFINITIONS = (
					"DEBUG=1",
					"$(inherited)",
				);
				GCC_WARN_64_TO_32_BIT_CONVERSION = YES;
				GCC_WARN_ABOUT_RETURN_TYPE = YES_ERROR;
				GCC_WARN_UNDECLARED_SELECTOR = YES;
				GCC_WARN_UNINITIALIZED_AUTOS = YES_AGGRESSIVE;
				GCC_WARN_UNUSED_FUNCTION = YES;
				GCC_WARN_UNUSED_VARIABLE = YES;
				MTL_ENABLE_DEBUG_INFO = INCLUDE_SOURCE;
				MTL_FAST_MATH = YES;
				ONLY_ACTIVE_ARCH = YES;
				PRODUCT_NAME = "$(TARGET_NAME)";
				SWIFT_ACTIVE_COMPILATION_CONDITIONS = DEBUG;
				SWIFT_OPTIMIZATION_LEVEL = "-Onone";
				SWIFT_VERSION = 6.0;
			};
			name = Debug;
		};
		391556FF4F2003169BF50178 /* Debug */ = {
			isa = XCBuildConfiguration;
			buildSettings = {
				CLANG_ENABLE_OBJC_WEAK = NO;
				CODE_SIGN_ENTITLEMENTS = Widget/GoldengoWidgetExtension.entitlements;
				GENERATE_INFOPLIST_FILE = NO;
				INFOPLIST_FILE = Widget/Info.plist;
				IPHONEOS_DEPLOYMENT_TARGET = 17.0;
				PRODUCT_BUNDLE_IDENTIFIER = com.goldengo.app.widget;
				SDKROOT = iphoneos;
				SWIFT_VERSION = 6.0;
			};
			name = Debug;
		};
		6E24688D9C9DF00257BFCDE0 /* Debug */ = {
			isa = XCBuildConfiguration;
			buildSettings = {
				ASSETCATALOG_COMPILER_APPICON_NAME = AppIcon;
				ASSETCATALOG_COMPILER_GLOBAL_ACCENT_COLOR_NAME = AccentColor;
				CLANG_ENABLE_OBJC_WEAK = NO;
				CODE_SIGN_ENTITLEMENTS = Goldengo/Goldengo.entitlements;
				GENERATE_INFOPLIST_FILE = NO;
				INFOPLIST_FILE = Goldengo/Info.plist;
				IPHONEOS_DEPLOYMENT_TARGET = 17.0;
				LD_RUNPATH_SEARCH_PATHS = "$(inherited) @executable_path/Frameworks";
				PRODUCT_BUNDLE_IDENTIFIER = com.goldengo.app;
				SDKROOT = iphoneos;
				SWIFT_VERSION = 6.0;
				TARGETED_DEVICE_FAMILY = "1,2";
			};
			name = Debug;
		};
		CC086E7920FD150A400E55E9 /* Release */ = {
			isa = XCBuildConfiguration;
			buildSettings = {
				CLANG_ENABLE_OBJC_WEAK = NO;
				CODE_SIGN_ENTITLEMENTS = Widget/GoldengoWidgetExtension.entitlements;
				GENERATE_INFOPLIST_FILE = NO;
				INFOPLIST_FILE = Widget/Info.plist;
				IPHONEOS_DEPLOYMENT_TARGET = 17.0;
				PRODUCT_BUNDLE_IDENTIFIER = com.goldengo.app.widget;
				SDKROOT = iphoneos;
				SWIFT_VERSION = 6.0;
				VALIDATE_PRODUCT = YES;
			};
			name = Release;
		};
		D921F14852A5D7E63E539AE3 /* Release */ = {
			isa = XCBuildConfiguration;
			buildSettings = {
				ASSETCATALOG_COMPILER_APPICON_NAME = AppIcon;
				ASSETCATALOG_COMPILER_GLOBAL_ACCENT_COLOR_NAME = AccentColor;
				CLANG_ENABLE_OBJC_WEAK = NO;
				CODE_SIGN_ENTITLEMENTS = Goldengo/Goldengo.entitlements;
				GENERATE_INFOPLIST_FILE = NO;
				INFOPLIST_FILE = Goldengo/Info.plist;
				IPHONEOS_DEPLOYMENT_TARGET = 17.0;
				LD_RUNPATH_SEARCH_PATHS = "$(inherited) @executable_path/Frameworks";
				PRODUCT_BUNDLE_IDENTIFIER = com.goldengo.app;
				SDKROOT = iphoneos;
				SWIFT_VERSION = 6.0;
				TARGETED_DEVICE_FAMILY = "1,2";
				VALIDATE_PRODUCT = YES;
			};
			name = Release;
		};
		DB6DC3578B8C894B06E956FB /* Release */ = {
			isa = XCBuildConfiguration;
			buildSettings = {
				ALWAYS_SEARCH_USER_PATHS = NO;
				CLANG_ANALYZER_NONNULL = YES;
				CLANG_ANALYZER_NUMBER_OBJECT_CONVERSION = YES_AGGRESSIVE;
				CLANG_CXX_LANGUAGE_STANDARD = "gnu++14";
				CLANG_CXX_LIBRARY = "libc++";
				CLANG_ENABLE_MODULES = YES;
				CLANG_ENABLE_OBJC_ARC = YES;
				CLANG_ENABLE_OBJC_WEAK = YES;
				CLANG_WARN_BLOCK_CAPTURE_AUTORELEASING = YES;
				CLANG_WARN_BOOL_CONVERSION = YES;
				CLANG_WARN_COMMA = YES;
				CLANG_WARN_CONSTANT_CONVERSION = YES;
				CLANG_WARN_DEPRECATED_OBJC_IMPLEMENTATIONS = YES;
				CLANG_WARN_DIRECT_OBJC_ISA_USAGE = YES_ERROR;
				CLANG_WARN_DOCUMENTATION_COMMENTS = YES;
				CLANG_WARN_EMPTY_BODY = YES;
				CLANG_WARN_ENUM_CONVERSION = YES;
				CLANG_WARN_INFINITE_RECURSION = YES;
				CLANG_WARN_INT_CONVERSION = YES;
				CLANG_WARN_NON_LITERAL_NULL_CONVERSION = YES;
				CLANG_WARN_OBJC_IMPLICIT_RETAIN_SELF = YES;
				CLANG_WARN_OBJC_LITERAL_CONVERSION = YES;
				CLANG_WARN_OBJC_ROOT_CLASS = YES_ERROR;
				CLANG_WARN_QUOTED_INCLUDE_IN_FRAMEWORK_HEADER = YES;
				CLANG_WARN_RANGE_LOOP_ANALYSIS = YES;
				CLANG_WARN_STRICT_PROTOTYPES = YES;
				CLANG_WARN_SUSPICIOUS_MOVE = YES;
				CLANG_WARN_UNGUARDED_AVAILABILITY = YES_AGGRESSIVE;
				CLANG_WARN_UNREACHABLE_CODE = YES;
				CLANG_WARN__DUPLICATE_METHOD_MATCH = YES;
				COPY_PHASE_STRIP = NO;
				DEBUG_INFORMATION_FORMAT = "dwarf-with-dsym";
				ENABLE_NS_ASSERTIONS = NO;
				ENABLE_STRICT_OBJC_MSGSEND = YES;
				GCC_C_LANGUAGE_STANDARD = gnu11;
				GCC_NO_COMMON_BLOCKS = YES;
				GCC_WARN_64_TO_32_BIT_CONVERSION = YES;
				GCC_WARN_ABOUT_RETURN_TYPE = YES_ERROR;
				GCC_WARN_UNDECLARED_SELECTOR = YES;
				GCC_WARN_UNINITIALIZED_AUTOS = YES_AGGRESSIVE;
				GCC_WARN_UNUSED_FUNCTION = YES;
				GCC_WARN_UNUSED_VARIABLE = YES;
				MTL_ENABLE_DEBUG_INFO = NO;
				MTL_FAST_MATH = YES;
				PRODUCT_NAME = "$(TARGET_NAME)";
				SWIFT_COMPILATION_MODE = wholemodule;
				SWIFT_OPTIMIZATION_LEVEL = "-O";
				SWIFT_VERSION = 6.0;
			};
			name = Release;
		};
/* End XCBuildConfiguration section */

/* Begin XCConfigurationList section */
		1B17C9280E0960E14E42447A /* Build configuration list for PBXProject "Goldengo" */ = {
			isa = XCConfigurationList;
			buildConfigurations = (
				15411B3D4A070E9A892FAFD2 /* Debug */,
				DB6DC3578B8C894B06E956FB /* Release */,
			);
			defaultConfigurationIsVisible = 0;
			defaultConfigurationName = Release;
		};
		98097A4D99548E6742E38E50 /* Build configuration list for PBXNativeTarget "Goldengo" */ = {
			isa = XCConfigurationList;
			buildConfigurations = (
				D921F14852A5D7E63E539AE3 /* Release */,
				6E24688D9C9DF00257BFCDE0 /* Debug */,
			);
			defaultConfigurationIsVisible = 0;
			defaultConfigurationName = Release;
		};
		C4F7E4DC875C62A467EB08A4 /* Build configuration list for PBXNativeTarget "GoldengoWidgetExtension" */ = {
			isa = XCConfigurationList;
			buildConfigurations = (
				CC086E7920FD150A400E55E9 /* Release */,
				391556FF4F2003169BF50178 /* Debug */,
			);
			defaultConfigurationIsVisible = 0;
			defaultConfigurationName = Release;
		};
/* End XCConfigurationList section */

/* Begin XCLocalSwiftPackageReference section */
		629812E1A1AE4CF7515DC461 /* XCLocalSwiftPackageReference ".." */ = {
			isa = XCLocalSwiftPackageReference;
			relativePath = ..;
		};
/* End XCLocalSwiftPackageReference section */

/* Begin XCSwiftPackageProductDependency section */
		6295D2BCB87CFA9283DCB78D /* GoldengoData */ = {
			isa = XCSwiftPackageProductDependency;
			package = 629812E1A1AE4CF7515DC461 /* XCLocalSwiftPackageReference ".." */;
			productName = GoldengoData;
		};
		6DD9471BF3BCC22CCC42A062 /* GoldengoData */ = {
			isa = XCSwiftPackageProductDependency;
			package = 629812E1A1AE4CF7515DC461 /* XCLocalSwiftPackageReference ".." */;
			productName = GoldengoData;
		};
		C281EB835A47D23CCC3BCD13 /* GoldengoDesignSystem */ = {
			isa = XCSwiftPackageProductDependency;
			package = 629812E1A1AE4CF7515DC461 /* XCLocalSwiftPackageReference ".." */;
			productName = GoldengoDesignSystem;
		};
		C475037EA4E48D3CE9732247 /* GoldengoIntents */ = {
			isa = XCSwiftPackageProductDependency;
			package = 629812E1A1AE4CF7515DC461 /* XCLocalSwiftPackageReference ".." */;
			productName = GoldengoIntents;
		};
		E4B55278870E7E8E0660B1A2 /* GoldengoIntents */ = {
			isa = XCSwiftPackageProductDependency;
			package = 629812E1A1AE4CF7515DC461 /* XCLocalSwiftPackageReference ".." */;
			productName = GoldengoIntents;
		};
		F706FA744BDC60065A2FA67C /* GoldengoFeatures */ = {
			isa = XCSwiftPackageProductDependency;
			package = 629812E1A1AE4CF7515DC461 /* XCLocalSwiftPackageReference ".." */;
			productName = GoldengoFeatures;
		};
/* End XCSwiftPackageProductDependency section */
	};
	rootObject = 07F9A995C95952248ECDEB17 /* Project object */;
}
